
Microsoft Visual Studio Solution File, Format Version 12.00
# Visual Studio Version 16
VisualStudioVersion = 16.0.29920.165
MinimumVisualStudioVersion = 10.0.40219.1
Project("{FAE04EC0-301F-11D3-BF4B-00C04F79EFBC}") = "SinglePageUI.Android", "SinglePageUI\SinglePageUI.Android\SinglePageUI.Android.csproj", "{C7DEB2F1-9C19-4ABC-9C23-CA2E3654EBF7}"
EndProject
Project("{FAE04EC0-301F-11D3-BF4B-00C04F79EFBC}") = "SinglePageUI.iOS", "SinglePageUI\SinglePageUI.iOS\SinglePageUI.iOS.csproj", "{56E316B8-5D6F-4272-9417-BBCED2C9B212}"
EndProject
Project("{FAE04EC0-301F-11D3-BF4B-00C04F79EFBC}") = "SinglePageUI", "SinglePageUI\SinglePageUI\SinglePageUI.csproj", "{41CF736F-3C1B-4C9A-A99C-1580B2C50D66}"
EndProject
Global
	GlobalSection(SolutionConfigurationPlatforms) = preSolution
		Debug|Any CPU = Debug|Any CPU
		Debug|iPhone = Debug|iPhone
		Debug|iPhoneSimulator = Debug|iPhoneSimulator
		Release|Any CPU = Release|Any CPU
		Release|iPhone = Release|iPhone
		Release|iPhoneSimulator = Release|iPhoneSimulator
	EndGlobalSection
	GlobalSection(ProjectConfigurationPlatforms) = postSolution
		{C7DEB2F1-9C19-4ABC-9C23-CA2E3654EBF7}.Debug|Any CPU.ActiveCfg = Debug|Any CPU
		{C7DEB2F1-9C19-4ABC-9C23-CA2E3654EBF7}.Debug|Any CPU.Build.0 = Debug|Any CPU
		{C7DEB2F1-9C19-4ABC-9C23-CA2E3654EBF7}.Debug|Any CPU.Deploy.0 = Debug|Any CPU
		{C7DEB2F1-9C19-4ABC-9C23-CA2E3654EBF7}.Debug|iPhone.ActiveCfg = Debug|Any CPU
		{C7DEB2F1-9C19-4ABC-9C23-CA2E3654EBF7}.Debug|iPhone.Build.0 = Debug|Any CPU
		{C7DEB2F1-9C19-4ABC-9C23-CA2E3654EBF7}.Debug|iPhone.Deploy.0 = Debug|Any CPU
		{C7DEB2F1-9C19-4ABC-9C23-CA2E3654EBF7}.Debug|iPhoneSimulator.ActiveCfg = Debug|Any CPU
		{C7DEB2F1-9C19-4ABC-9C23-CA2E3654EBF7}.Debug|iPhoneSimulator.Build.0 = Debug|Any CPU
		{C7DEB2F1-9C19-4ABC-9C23-CA2E3654EBF7}.Debug|iPhoneSimulator.Deploy.0 = Debug|Any CPU
		{C7DEB2F1-9C19-4ABC-9C23-CA2E3654EBF7}.Release|Any CPU.ActiveCfg = Release|Any CPU
		{C7DEB2F1-9C19-4ABC-9C23-CA2E3654EBF7}.Release|Any CPU.Build.0 = Release|Any CPU
		{C7DEB2F1-9C19-4ABC-9C23-CA2E3654EBF7}.Release|Any CPU.Deploy.0 = Release|Any CPU
		{C7DEB2F1-9C19-4ABC-9C23-CA2E3654EBF7}.Release|iPhone.ActiveCfg = Release|Any CPU
		{C7DEB2F1-9C19-4ABC-9C23-CA2E3654EBF7}.Release|iPhone.Build.0 = Release|Any CPU
		{C7DEB2F1-9C19-4ABC-9C23-CA2E3654EBF7}.Release|iPhone.Deploy.0 = Release|Any CPU
		{C7DEB2F1-9C19-4ABC-9C23-CA2E3654EBF7}.Release|iPhoneSimulator.ActiveCfg = Release|Any CPU
		{C7DEB2F1-9C19-4ABC-9C23-CA2E3654EBF7}.Release|iPhoneSimulator.Build.0 = Release|Any CPU
		{C7DEB2F1-9C19-4ABC-9C23-CA2E3654EBF7}.Release|iPhoneSimulator.Deploy.0 = Release|Any CPU
		{56E316B8-5D6F-4272-9417-BBCED2C9B212}.Debug|Any CPU.ActiveCfg = Debug|iPhone
		{56E316B8-5D6F-4272-9417-BBCED2C9B212}.Debug|Any CPU.Build.0 = Debug|iPhone
		{56E316B8-5D6F-4272-9417-BBCED2C9B212}.Debug|Any CPU.Deploy.0 = Debug|iPhone
		{56E316B8-5D6F-4272-9417-BBCED2C9B212}.Debug|iPhone.ActiveCfg = Debug|iPhone
		{56E316B8-5D6F-4272-9417-BBCED2C9B212}.Debug|iPhone.Build.0 = Debug|iPhone
		{56E316B8-5D6F-4272-9417-BBCED2C9B212}.Debug|iPhone.Deploy.0 = Debug|iPhone
		{56E316B8-5D6F-4272-9417-BBCED2C9B212}.Debug|iPhoneSimulator.ActiveCfg = Debug|iPhoneSimulator
		{56E316B8-5D6F-4272-9417-BBCED2C9B212}.Debug|iPhoneSimulator.Build.0 = Debug|iPhoneSimulator
		{56E316B8-5D6F-4272-9417-BBCED2C9B212}.Debug|iPhoneSimulator.Deploy.0 = Debug|iPhoneSimulator
		{56E316B8-5D6F-4272-9417-BBCED2C9B212}.Release|Any CPU.ActiveCfg = Release|iPhone
		{56E316B8-5D6F-4272-9417-BBCED2C9B212}.Release|Any CPU.Build.0 = Release|iPhone
		{56E316B8-5D6F-4272-9417-BBCED2C9B212}.Release|Any CPU.Deploy.0 = Release|iPhone
		{56E316B8-5D6F-4272-9417-BBCED2C9B212}.Release|iPhone.ActiveCfg = Release|iPhone
		{56E316B8-5D6F-4272-9417-BBCED2C9B212}.Release|iPhone.Build.0 = Release|iPhone
		{56E316B8-5D6F-4272-9417-BBCED2C9B212}.Release|iPhone.Deploy.0 = Release|iPhone
		{56E316B8-5D6F-4272-9417-BBCED2C9B212}.Release|iPhoneSimulator.ActiveCfg = Release|iPhoneSimulator
		{56E316B8-5D6F-4272-9417-BBCED2C9B212}.Release|iPhoneSimulator.Build.0 = Release|iPhoneSimulator
		{56E316B8-5D6F-4272-9417-BBCED2C9B212}.Release|iPhoneSimulator.Deploy.0 = Release|iPhoneSimulator
		{41CF736F-3C1B-4C9A-A99C-1580B2C50D66}.Debug|Any CPU.ActiveCfg = Debug|Any CPU
		{41CF736F-3C1B-4C9A-A99C-1580B2C50D66}.Debug|Any CPU.Build.0 = Debug|Any CPU
		{41CF736F-3C1B-4C9A-A99C-1580B2C50D66}.Debug|Any CPU.Deploy.0 = Debug|Any CPU
		{41CF736F-3C1B-4C9A-A99C-1580B2C50D66}.Debug|iPhone.ActiveCfg = Debug|Any CPU
		{41CF736F-3C1B-4C9A-A99C-1580B2C50D66}.Debug|iPhone.Build.0 = Debug|Any CPU
		{41CF736F-3C1B-4C9A-A99C-1580B2C50D66}.Debug|iPhone.Deploy.0 = Debug|Any CPU
		{41CF736F-3C1B-4C9A-A99C-1580B2C50D66}.Debug|iPhoneSimulator.ActiveCfg = Debug|Any CPU
		{41CF736F-3C1B-4C9A-A99C-1580B2C50D66}.Debug|iPhoneSimulator.Build.0 = Debug|Any CPU
		{41CF736F-3C1B-4C9A-A99C-1580B2C50D66}.Debug|iPhoneSimulator.Deploy.0 = Debug|Any CPU
		{41CF736F-3C1B-4C9A-A99C-1580B2C50D66}.Release|Any CPU.ActiveCfg = Release|Any CPU
		{41CF736F-3C1B-4C9A-A99C-1580B2C50D66}.Release|Any CPU.Build.0 = Release|Any CPU
		{41CF736F-3C1B-4C9A-A99C-1580B2C50D66}.Release|Any CPU.Deploy.0 = Release|Any CPU
		{41CF736F-3C1B-4C9A-A99C-1580B2C50D66}.Release|iPhone.ActiveCfg = Release|Any CPU
		{41CF736F-3C1B-4C9A-A99C-1580B2C50D66}.Release|iPhone.Build.0 = Release|Any CPU
		{41CF736F-3C1B-4C9A-A99C-1580B2C50D66}.Release|iPhone.Deploy.0 = Release|Any CPU
		{41CF736F-3C1B-4C9A-A99C-1580B2C50D66}.Release|iPhoneSimulator.ActiveCfg = Release|Any CPU
		{41CF736F-3C1B-4C9A-A99C-1580B2C50D66}.Release|iPhoneSimulator.Build.0 = Release|Any CPU
		{41CF736F-3C1B-4C9A-A99C-1580B2C50D66}.Release|iPhoneSimulator.Deploy.0 = Release|Any CPU
	EndGlobalSection
	GlobalSection(SolutionProperties) = preSolution
		HideSolutionNode = FALSE
	EndGlobalSection
	GlobalSection(ExtensibilityGlobals) = postSolution
		SolutionGuid = {15BC6F3E-4AB9-4A2A-8CDE-71637225FF56}
	EndGlobalSection
EndGlobal
